
Microsoft Visual Studio Solution File, Format Version 12.00
# Visual Studio Version 17
VisualStudioVersion = 17.8.34309.116
MinimumVisualStudioVersion = 10.0.40219.1
Project("{9A19103F-16F7-4668-BE54-9A1E7A4F7556}") = "CA_Entity", "CA_Entity\CA_Entity.csproj", "{C6E9ABDD-F222-4098-9260-13FA8F766C51}"
EndProject
Project("{FAE04EC0-301F-11D3-BF4B-00C04F79EFBC}") = "DBFirst", "DBFirst\DBFirst.csproj", "{904E1364-01FE-4C14-B384-3A16EB9B1088}"
EndProject
Global
	GlobalSection(SolutionConfigurationPlatforms) = preSolution
		Debug|Any CPU = Debug|Any CPU
		Release|Any CPU = Release|Any CPU
	EndGlobalSection
	GlobalSection(ProjectConfigurationPlatforms) = postSolution
		{C6E9ABDD-F222-4098-9260-13FA8F766C51}.Debug|Any CPU.ActiveCfg = Debug|Any CPU
		{C6E9ABDD-F222-4098-9260-13FA8F766C51}.Debug|Any CPU.Build.0 = Debug|Any CPU
		{C6E9ABDD-F222-4098-9260-13FA8F766C51}.Release|Any CPU.ActiveCfg = Release|Any CPU
		{C6E9ABDD-F222-4098-9260-13FA8F766C51}.Release|Any CPU.Build.0 = Release|Any CPU
		{904E1364-01FE-4C14-B384-3A16EB9B1088}.Debug|Any CPU.ActiveCfg = Debug|Any CPU
		{904E1364-01FE-4C14-B384-3A16EB9B1088}.Debug|Any CPU.Build.0 = Debug|Any CPU
		{904E1364-01FE-4C14-B384-3A16EB9B1088}.Release|Any CPU.ActiveCfg = Release|Any CPU
		{904E1364-01FE-4C14-B384-3A16EB9B1088}.Release|Any CPU.Build.0 = Release|Any CPU
	EndGlobalSection
	GlobalSection(SolutionProperties) = preSolution
		HideSolutionNode = FALSE
	EndGlobalSection
	GlobalSection(ExtensibilityGlobals) = postSolution
		SolutionGuid = {50BEDECD-EF0A-4A1D-942C-A69CA2A13E32}
	EndGlobalSection
EndGlobal
